// !$*UTF8*$!
{
	archiveVersion = 1;
	classes = {
	};
	objectVersion = 46;
	objects = {

/* Begin PBXBuildFile section */
		F1DA0D151CE848BB00BC5143 /* SwiftLibXML.h in Headers */ = {isa = PBXBuildFile; fileRef = F1DA0D141CE848BB00BC5143 /* SwiftLibXML.h */; settings = {ATTRIBUTES = (Public, ); }; };
		F1DA0D1C1CE848BB00BC5143 /* SwiftLibXML.framework in Frameworks */ = {isa = PBXBuildFile; fileRef = F1DA0D111CE848BB00BC5143 /* SwiftLibXML.framework */; };
		F1DA0D211CE848BB00BC5143 /* SwiftLibXMLTests.swift in Sources */ = {isa = PBXBuildFile; fileRef = F1DA0D201CE848BB00BC5143 /* SwiftLibXMLTests.swift */; };
		F1DA0D321CE8494700BC5143 /* EmptySequence.swift in Sources */ = {isa = PBXBuildFile; fileRef = F1DA0D2C1CE8494700BC5143 /* EmptySequence.swift */; };
		F1DA0D331CE8494700BC5143 /* XMLAttribute.swift in Sources */ = {isa = PBXBuildFile; fileRef = F1DA0D2D1CE8494700BC5143 /* XMLAttribute.swift */; };
		F1DA0D341CE8494700BC5143 /* XMLDocument.swift in Sources */ = {isa = PBXBuildFile; fileRef = F1DA0D2E1CE8494700BC5143 /* XMLDocument.swift */; };
		F1DA0D351CE8494700BC5143 /* XMLElement.swift in Sources */ = {isa = PBXBuildFile; fileRef = F1DA0D2F1CE8494700BC5143 /* XMLElement.swift */; };
		F1DA0D361CE8494700BC5143 /* XMLNameSpace.swift in Sources */ = {isa = PBXBuildFile; fileRef = F1DA0D301CE8494700BC5143 /* XMLNameSpace.swift */; };
		F1DA0D371CE8494700BC5143 /* XMLPath.swift in Sources */ = {isa = PBXBuildFile; fileRef = F1DA0D311CE8494700BC5143 /* XMLPath.swift */; };
/* End PBXBuildFile section */

/* Begin PBXContainerItemProxy section */
		F1DA0D1D1CE848BB00BC5143 /* PBXContainerItemProxy */ = {
			isa = PBXContainerItemProxy;
			containerPortal = F1DA0D081CE848BB00BC5143 /* Project object */;
			proxyType = 1;
			remoteGlobalIDString = F1DA0D101CE848BB00BC5143;
			remoteInfo = SwiftLibXML;
		};
/* End PBXContainerItemProxy section */

/* Begin PBXFileReference section */
		F1DA0D111CE848BB00BC5143 /* SwiftLibXML.framework */ = {isa = PBXFileReference; explicitFileType = wrapper.framework; includeInIndex = 0; path = SwiftLibXML.framework; sourceTree = BUILT_PRODUCTS_DIR; };
		F1DA0D141CE848BB00BC5143 /* SwiftLibXML.h */ = {isa = PBXFileReference; lastKnownFileType = sourcecode.c.h; path = SwiftLibXML.h; sourceTree = "<group>"; };
		F1DA0D161CE848BB00BC5143 /* Info.plist */ = {isa = PBXFileReference; lastKnownFileType = text.plist.xml; path = Info.plist; sourceTree = "<group>"; };
		F1DA0D1B1CE848BB00BC5143 /* SwiftLibXMLTests.xctest */ = {isa = PBXFileReference; explicitFileType = wrapper.cfbundle; includeInIndex = 0; path = SwiftLibXMLTests.xctest; sourceTree = BUILT_PRODUCTS_DIR; };
		F1DA0D201CE848BB00BC5143 /* SwiftLibXMLTests.swift */ = {isa = PBXFileReference; lastKnownFileType = sourcecode.swift; path = SwiftLibXMLTests.swift; sourceTree = "<group>"; };
		F1DA0D221CE848BB00BC5143 /* Info.plist */ = {isa = PBXFileReference; lastKnownFileType = text.plist.xml; path = Info.plist; sourceTree = "<group>"; };
		F1DA0D2C1CE8494700BC5143 /* EmptySequence.swift */ = {isa = PBXFileReference; fileEncoding = 4; lastKnownFileType = sourcecode.swift; path = EmptySequence.swift; sourceTree = "<group>"; };
		F1DA0D2D1CE8494700BC5143 /* XMLAttribute.swift */ = {isa = PBXFileReference; fileEncoding = 4; lastKnownFileType = sourcecode.swift; path = XMLAttribute.swift; sourceTree = "<group>"; };
		F1DA0D2E1CE8494700BC5143 /* XMLDocument.swift */ = {isa = PBXFileReference; fileEncoding = 4; lastKnownFileType = sourcecode.swift; path = XMLDocument.swift; sourceTree = "<group>"; };
		F1DA0D2F1CE8494700BC5143 /* XMLElement.swift */ = {isa = PBXFileReference; fileEncoding = 4; lastKnownFileType = sourcecode.swift; path = XMLElement.swift; sourceTree = "<group>"; };
		F1DA0D301CE8494700BC5143 /* XMLNameSpace.swift */ = {isa = PBXFileReference; fileEncoding = 4; lastKnownFileType = sourcecode.swift; path = XMLNameSpace.swift; sourceTree = "<group>"; };
		F1DA0D311CE8494700BC5143 /* XMLPath.swift */ = {isa = PBXFileReference; fileEncoding = 4; lastKnownFileType = sourcecode.swift; path = XMLPath.swift; sourceTree = "<group>"; };
		F1DA0D381CE849E000BC5143 /* SwiftLibXML-Swift.h */ = {isa = PBXFileReference; lastKnownFileType = sourcecode.c.h; path = "SwiftLibXML-Swift.h"; sourceTree = "<group>"; };
/* End PBXFileReference section */

/* Begin PBXFrameworksBuildPhase section */
		F1DA0D0D1CE848BB00BC5143 /* Frameworks */ = {
			isa = PBXFrameworksBuildPhase;
			buildActionMask = 2147483647;
			files = (
			);
			runOnlyForDeploymentPostprocessing = 0;
		};
		F1DA0D181CE848BB00BC5143 /* Frameworks */ = {
			isa = PBXFrameworksBuildPhase;
			buildActionMask = 2147483647;
			files = (
				F1DA0D1C1CE848BB00BC5143 /* SwiftLibXML.framework in Frameworks */,
			);
			runOnlyForDeploymentPostprocessing = 0;
		};
/* End PBXFrameworksBuildPhase section */

/* Begin PBXGroup section */
		F1DA0D071CE848BB00BC5143 = {
			isa = PBXGroup;
			children = (
				F1DA0D2B1CE8494700BC5143 /* Sources */,
				F1DA0D131CE848BB00BC5143 /* SwiftLibXML */,
				F1DA0D1F1CE848BB00BC5143 /* SwiftLibXMLTests */,
				F1DA0D121CE848BB00BC5143 /* Products */,
			);
			sourceTree = "<group>";
		};
		F1DA0D121CE848BB00BC5143 /* Products */ = {
			isa = PBXGroup;
			children = (
				F1DA0D111CE848BB00BC5143 /* SwiftLibXML.framework */,
				F1DA0D1B1CE848BB00BC5143 /* SwiftLibXMLTests.xctest */,
			);
			name = Products;
			sourceTree = "<group>";
		};
		F1DA0D131CE848BB00BC5143 /* SwiftLibXML */ = {
			isa = PBXGroup;
			children = (
				F1DA0D141CE848BB00BC5143 /* SwiftLibXML.h */,
				F1DA0D381CE849E000BC5143 /* SwiftLibXML-Swift.h */,
				F1DA0D161CE848BB00BC5143 /* Info.plist */,
			);
			path = SwiftLibXML;
			sourceTree = "<group>";
		};
		F1DA0D1F1CE848BB00BC5143 /* SwiftLibXMLTests */ = {
			isa = PBXGroup;
			children = (
				F1DA0D201CE848BB00BC5143 /* SwiftLibXMLTests.swift */,
				F1DA0D221CE848BB00BC5143 /* Info.plist */,
			);
			path = SwiftLibXMLTests;
			sourceTree = "<group>";
		};
		F1DA0D2B1CE8494700BC5143 /* Sources */ = {
			isa = PBXGroup;
			children = (
				F1DA0D2C1CE8494700BC5143 /* EmptySequence.swift */,
				F1DA0D2D1CE8494700BC5143 /* XMLAttribute.swift */,
				F1DA0D2E1CE8494700BC5143 /* XMLDocument.swift */,
				F1DA0D2F1CE8494700BC5143 /* XMLElement.swift */,
				F1DA0D301CE8494700BC5143 /* XMLNameSpace.swift */,
				F1DA0D311CE8494700BC5143 /* XMLPath.swift */,
			);
			path = Sources;
			sourceTree = "<group>";
		};
/* End PBXGroup section */

/* Begin PBXHeadersBuildPhase section */
		F1DA0D0E1CE848BB00BC5143 /* Headers */ = {
			isa = PBXHeadersBuildPhase;
			buildActionMask = 2147483647;
			files = (
				F1DA0D151CE848BB00BC5143 /* SwiftLibXML.h in Headers */,
			);
			runOnlyForDeploymentPostprocessing = 0;
		};
/* End PBXHeadersBuildPhase section */

/* Begin PBXNativeTarget section */
		F1DA0D101CE848BB00BC5143 /* SwiftLibXML */ = {
			isa = PBXNativeTarget;
			buildConfigurationList = F1DA0D251CE848BB00BC5143 /* Build configuration list for PBXNativeTarget "SwiftLibXML" */;
			buildPhases = (
				F1DA0D0C1CE848BB00BC5143 /* Sources */,
				F1DA0D0D1CE848BB00BC5143 /* Frameworks */,
				F1DA0D0E1CE848BB00BC5143 /* Headers */,
				F1DA0D0F1CE848BB00BC5143 /* Resources */,
			);
			buildRules = (
			);
			dependencies = (
			);
			name = SwiftLibXML;
			productName = SwiftLibXML;
			productReference = F1DA0D111CE848BB00BC5143 /* SwiftLibXML.framework */;
			productType = "com.apple.product-type.framework";
		};
		F1DA0D1A1CE848BB00BC5143 /* SwiftLibXMLTests */ = {
			isa = PBXNativeTarget;
			buildConfigurationList = F1DA0D281CE848BB00BC5143 /* Build configuration list for PBXNativeTarget "SwiftLibXMLTests" */;
			buildPhases = (
				F1DA0D171CE848BB00BC5143 /* Sources */,
				F1DA0D181CE848BB00BC5143 /* Frameworks */,
				F1DA0D191CE848BB00BC5143 /* Resources */,
			);
			buildRules = (
			);
			dependencies = (
				F1DA0D1E1CE848BB00BC5143 /* PBXTargetDependency */,
			);
			name = SwiftLibXMLTests;
			productName = SwiftLibXMLTests;
			productReference = F1DA0D1B1CE848BB00BC5143 /* SwiftLibXMLTests.xctest */;
			productType = "com.apple.product-type.bundle.unit-test";
		};
/* End PBXNativeTarget section */

/* Begin PBXProject section */
		F1DA0D081CE848BB00BC5143 /* Project object */ = {
			isa = PBXProject;
			attributes = {
				LastSwiftUpdateCheck = 0730;
				LastUpgradeCheck = 0730;
				ORGANIZATIONNAME = "Rene Hexel";
				TargetAttributes = {
					F1DA0D101CE848BB00BC5143 = {
						CreatedOnToolsVersion = 7.3.1;
					};
					F1DA0D1A1CE848BB00BC5143 = {
						CreatedOnToolsVersion = 7.3.1;
					};
				};
			};
			buildConfigurationList = F1DA0D0B1CE848BB00BC5143 /* Build configuration list for PBXProject "SwiftLibXML" */;
			compatibilityVersion = "Xcode 3.2";
			developmentRegion = English;
			hasScannedForEncodings = 0;
			knownRegions = (
				en,
			);
			mainGroup = F1DA0D071CE848BB00BC5143;
			productRefGroup = F1DA0D121CE848BB00BC5143 /* Products */;
			projectDirPath = "";
			projectRoot = "";
			targets = (
				F1DA0D101CE848BB00BC5143 /* SwiftLibXML */,
				F1DA0D1A1CE848BB00BC5143 /* SwiftLibXMLTests */,
			);
		};
/* End PBXProject section */

/* Begin PBXResourcesBuildPhase section */
		F1DA0D0F1CE848BB00BC5143 /* Resources */ = {
			isa = PBXResourcesBuildPhase;
			buildActionMask = 2147483647;
			files = (
			);
			runOnlyForDeploymentPostprocessing = 0;
		};
		F1DA0D191CE848BB00BC5143 /* Resources */ = {
			isa = PBXResourcesBuildPhase;
			buildActionMask = 2147483647;
			files = (
			);
			runOnlyForDeploymentPostprocessing = 0;
		};
/* End PBXResourcesBuildPhase section */

/* Begin PBXSourcesBuildPhase section */
		F1DA0D0C1CE848BB00BC5143 /* Sources */ = {
			isa = PBXSourcesBuildPhase;
			buildActionMask = 2147483647;
			files = (
				F1DA0D341CE8494700BC5143 /* XMLDocument.swift in Sources */,
				F1DA0D331CE8494700BC5143 /* XMLAttribute.swift in Sources */,
				F1DA0D361CE8494700BC5143 /* XMLNameSpace.swift in Sources */,
				F1DA0D351CE8494700BC5143 /* XMLElement.swift in Sources */,
				F1DA0D371CE8494700BC5143 /* XMLPath.swift in Sources */,
				F1DA0D321CE8494700BC5143 /* EmptySequence.swift in Sources */,
			);
			runOnlyForDeploymentPostprocessing = 0;
		};
		F1DA0D171CE848BB00BC5143 /* Sources */ = {
			isa = PBXSourcesBuildPhase;
			buildActionMask = 2147483647;
			files = (
				F1DA0D211CE848BB00BC5143 /* SwiftLibXMLTests.swift in Sources */,
			);
			runOnlyForDeploymentPostprocessing = 0;
		};
/* End PBXSourcesBuildPhase section */

/* Begin PBXTargetDependency section */
		F1DA0D1E1CE848BB00BC5143 /* PBXTargetDependency */ = {
			isa = PBXTargetDependency;
			target = F1DA0D101CE848BB00BC5143 /* SwiftLibXML */;
			targetProxy = F1DA0D1D1CE848BB00BC5143 /* PBXContainerItemProxy */;
		};
/* End PBXTargetDependency section */

/* Begin XCBuildConfiguration section */
		F1DA0D231CE848BB00BC5143 /* Debug */ = {
			isa = XCBuildConfiguration;
			buildSettings = {
				ALWAYS_SEARCH_USER_PATHS = NO;
				CLANG_ANALYZER_NONNULL = YES;
				CLANG_CXX_LANGUAGE_STANDARD = "gnu++0x";
				CLANG_CXX_LIBRARY = "libc++";
				CLANG_ENABLE_MODULES = YES;
				CLANG_ENABLE_OBJC_ARC = YES;
				CLANG_WARN_BOOL_CONVERSION = YES;
				CLANG_WARN_CONSTANT_CONVERSION = YES;
				CLANG_WARN_DIRECT_OBJC_ISA_USAGE = YES_ERROR;
				CLANG_WARN_EMPTY_BODY = YES;
				CLANG_WARN_ENUM_CONVERSION = YES;
				CLANG_WARN_INT_CONVERSION = YES;
				CLANG_WARN_OBJC_ROOT_CLASS = YES_ERROR;
				CLANG_WARN_UNREACHABLE_CODE = YES;
				CLANG_WARN__DUPLICATE_METHOD_MATCH = YES;
				CODE_SIGN_IDENTITY = "-";
				COPY_PHASE_STRIP = NO;
				CURRENT_PROJECT_VERSION = 1;
				DEBUG_INFORMATION_FORMAT = dwarf;
				ENABLE_STRICT_OBJC_MSGSEND = YES;
				ENABLE_TESTABILITY = YES;
				GCC_C_LANGUAGE_STANDARD = gnu99;
				GCC_DYNAMIC_NO_PIC = NO;
				GCC_NO_COMMON_BLOCKS = YES;
				GCC_OPTIMIZATION_LEVEL = 0;
				GCC_PREPROCESSOR_DEFINITIONS = (
					"DEBUG=1",
					"$(inherited)",
				);
				GCC_WARN_64_TO_32_BIT_CONVERSION = YES;
				GCC_WARN_ABOUT_RETURN_TYPE = YES_ERROR;
				GCC_WARN_UNDECLARED_SELECTOR = YES;
				GCC_WARN_UNINITIALIZED_AUTOS = YES_AGGRESSIVE;
				GCC_WARN_UNUSED_FUNCTION = YES;
				GCC_WARN_UNUSED_VARIABLE = YES;
				HEADER_SEARCH_PATHS = (
					/usr/local/include,
					/usr/local/include/libxml2,
					/usr/local/Cellar/libxml2/2.9.3/include,
					/usr/local/Cellar/libxml2/2.9.3/include/libxml2,
				);
				MACOSX_DEPLOYMENT_TARGET = 10.11;
				MTL_ENABLE_DEBUG_INFO = YES;
				ONLY_ACTIVE_ARCH = YES;
				SDKROOT = macosx;
				SWIFT_INCLUDE_PATHS = "$(SRCROOT)/SwiftLibXML $(SRCROOT)/Sources $(SRCROOT)/../CLibXML2";
				SWIFT_OPTIMIZATION_LEVEL = "-Onone";
				VERSIONING_SYSTEM = "apple-generic";
				VERSION_INFO_PREFIX = "";
			};
			name = Debug;
		};
		F1DA0D241CE848BB00BC5143 /* Release */ = {
			isa = XCBuildConfiguration;
			buildSettings = {
				ALWAYS_SEARCH_USER_PATHS = NO;
				CLANG_ANALYZER_NONNULL = YES;
				CLANG_CXX_LANGUAGE_STANDARD = "gnu++0x";
				CLANG_CXX_LIBRARY = "libc++";
				CLANG_ENABLE_MODULES = YES;
				CLANG_ENABLE_OBJC_ARC = YES;
				CLANG_WARN_BOOL_CONVERSION = YES;
				CLANG_WARN_CONSTANT_CONVERSION = YES;
				CLANG_WARN_DIRECT_OBJC_ISA_USAGE = YES_ERROR;
				CLANG_WARN_EMPTY_BODY = YES;
				CLANG_WARN_ENUM_CONVERSION = YES;
				CLANG_WARN_INT_CONVERSION = YES;
				CLANG_WARN_OBJC_ROOT_CLASS = YES_ERROR;
				CLANG_WARN_UNREACHABLE_CODE = YES;
				CLANG_WARN__DUPLICATE_METHOD_MATCH = YES;
				CODE_SIGN_IDENTITY = "-";
				COPY_PHASE_STRIP = NO;
				CURRENT_PROJECT_VERSION = 1;
				DEBUG_INFORMATION_FORMAT = "dwarf-with-dsym";
				ENABLE_NS_ASSERTIONS = NO;
				ENABLE_STRICT_OBJC_MSGSEND = YES;
				GCC_C_LANGUAGE_STANDARD = gnu99;
				GCC_NO_COMMON_BLOCKS = YES;
				GCC_WARN_64_TO_32_BIT_CONVERSION = YES;
				GCC_WARN_ABOUT_RETURN_TYPE = YES_ERROR;
				GCC_WARN_UNDECLARED_SELECTOR = YES;
				GCC_WARN_UNINITIALIZED_AUTOS = YES_AGGRESSIVE;
				GCC_WARN_UNUSED_FUNCTION = YES;
				GCC_WARN_UNUSED_VARIABLE = YES;
				HEADER_SEARCH_PATHS = (
					/usr/local/include,
					/usr/local/include/libxml2,
					/usr/local/Cellar/libxml2/2.9.3/include,
					/usr/local/Cellar/libxml2/2.9.3/include/libxml2,
				);
				MACOSX_DEPLOYMENT_TARGET = 10.11;
				MTL_ENABLE_DEBUG_INFO = NO;
				SDKROOT = macosx;
				SWIFT_INCLUDE_PATHS = "$(SRCROOT)/SwiftLibXML $(SRCROOT)/Sources $(SRCROOT)/../CLibXML2";
				VERSIONING_SYSTEM = "apple-generic";
				VERSION_INFO_PREFIX = "";
			};
			name = Release;
		};
		F1DA0D261CE848BB00BC5143 /* Debug */ = {
			isa = XCBuildConfiguration;
			buildSettings = {
				COMBINE_HIDPI_IMAGES = YES;
				DEFINES_MODULE = YES;
				DYLIB_COMPATIBILITY_VERSION = 1;
				DYLIB_CURRENT_VERSION = 1;
				DYLIB_INSTALL_NAME_BASE = "@rpath";
				FRAMEWORK_VERSION = A;
				INFOPLIST_FILE = SwiftLibXML/Info.plist;
				INSTALL_PATH = "$(LOCAL_LIBRARY_DIR)/Frameworks";
				LD_RUNPATH_SEARCH_PATHS = "$(inherited) @executable_path/../Frameworks @loader_path/Frameworks";
				PRODUCT_BUNDLE_IDENTIFIER = at.hexel.SwiftLibXML;
				PRODUCT_NAME = "$(TARGET_NAME)";
				SKIP_INSTALL = YES;
			};
			name = Debug;
		};
		F1DA0D271CE848BB00BC5143 /* Release */ = {
			isa = XCBuildConfiguration;
			buildSettings = {
				COMBINE_HIDPI_IMAGES = YES;
				DEFINES_MODULE = YES;
				DYLIB_COMPATIBILITY_VERSION = 1;
				DYLIB_CURRENT_VERSION = 1;
				DYLIB_INSTALL_NAME_BASE = "@rpath";
				FRAMEWORK_VERSION = A;
				INFOPLIST_FILE = SwiftLibXML/Info.plist;
				INSTALL_PATH = "$(LOCAL_LIBRARY_DIR)/Frameworks";
				LD_RUNPATH_SEARCH_PATHS = "$(inherited) @executable_path/../Frameworks @loader_path/Frameworks";
				PRODUCT_BUNDLE_IDENTIFIER = at.hexel.SwiftLibXML;
				PRODUCT_NAME = "$(TARGET_NAME)";
				SKIP_INSTALL = YES;
			};
			name = Release;
		};
		F1DA0D291CE848BB00BC5143 /* Debug */ = {
			isa = XCBuildConfiguration;
			buildSettings = {
				COMBINE_HIDPI_IMAGES = YES;
				INFOPLIST_FILE = SwiftLibXMLTests/Info.plist;
				LD_RUNPATH_SEARCH_PATHS = "$(inherited) @executable_path/../Frameworks @loader_path/../Frameworks";
				PRODUCT_BUNDLE_IDENTIFIER = at.hexel.SwiftLibXMLTests;
				PRODUCT_NAME = "$(TARGET_NAME)";
			};
			name = Debug;
		};
		F1DA0D2A1CE848BB00BC5143 /* Release */ = {
			isa = XCBuildConfiguration;
			buildSettings = {
				COMBINE_HIDPI_IMAGES = YES;
				INFOPLIST_FILE = SwiftLibXMLTests/Info.plist;
				LD_RUNPATH_SEARCH_PATHS = "$(inherited) @executable_path/../Frameworks @loader_path/../Frameworks";
				PRODUCT_BUNDLE_IDENTIFIER = at.hexel.SwiftLibXMLTests;
				PRODUCT_NAME = "$(TARGET_NAME)";
			};
			name = Release;
		};
/* End XCBuildConfiguration section */

/* Begin XCConfigurationList section */
		F1DA0D0B1CE848BB00BC5143 /* Build configuration list for PBXProject "SwiftLibXML" */ = {
			isa = XCConfigurationList;
			buildConfigurations = (
				F1DA0D231CE848BB00BC5143 /* Debug */,
				F1DA0D241CE848BB00BC5143 /* Release */,
			);
			defaultConfigurationIsVisible = 0;
			defaultConfigurationName = Release;
		};
		F1DA0D251CE848BB00BC5143 /* Build configuration list for PBXNativeTarget "SwiftLibXML" */ = {
			isa = XCConfigurationList;
			buildConfigurations = (
				F1DA0D261CE848BB00BC5143 /* Debug */,
				F1DA0D271CE848BB00BC5143 /* Release */,
			);
			defaultConfigurationIsVisible = 0;
			defaultConfigurationName = Release;
		};
		F1DA0D281CE848BB00BC5143 /* Build configuration list for PBXNativeTarget "SwiftLibXMLTests" */ = {
			isa = XCConfigurationList;
			buildConfigurations = (
				F1DA0D291CE848BB00BC5143 /* Debug */,
				F1DA0D2A1CE848BB00BC5143 /* Release */,
			);
			defaultConfigurationIsVisible = 0;
			defaultConfigurationName = Release;
		};
/* End XCConfigurationList section */
	};
	rootObject = F1DA0D081CE848BB00BC5143 /* Project object */;
}
